
Microsoft Visual Studio Solution File, Format Version 11.00
# Visual Studio 2010
Project("{FAE04EC0-301F-11D3-BF4B-00C04F79EFBC}") = "Silanis.ESL.SDK", "Silanis.ESL.SDK.csproj", "{0A9B8521-9624-460B-813E-079056B24B65}"
EndProject
Project("{FAE04EC0-301F-11D3-BF4B-00C04F79EFBC}") = "SDK.Examples", "..\SDK.Examples\SDK.Examples.csproj", "{8D6C84A6-459F-42E0-8673-F8890B6A57DC}"
EndProject
Project("{FAE04EC0-301F-11D3-BF4B-00C04F79EFBC}") = "SDK.Tests", "..\SDK.Tests\SDK.Tests.csproj", "{203B5F7F-1678-44CC-B291-37022751DBCF}"
EndProject
Project("{FAE04EC0-301F-11D3-BF4B-00C04F79EFBC}") = "SDK.Examples.Tester", "SDK.Examples.Tester\SDK.Examples.Tester.csproj", "{4D026F97-3726-4B98-BCF9-7A391A85F9C9}"
EndProject
Global
	GlobalSection(SolutionConfigurationPlatforms) = preSolution
		Debug|Any CPU = Debug|Any CPU
		Release|Any CPU = Release|Any CPU
	EndGlobalSection
	GlobalSection(ProjectConfigurationPlatforms) = postSolution
		{0A9B8521-9624-460B-813E-079056B24B65}.Debug|Any CPU.ActiveCfg = Debug|Any CPU
		{0A9B8521-9624-460B-813E-079056B24B65}.Debug|Any CPU.Build.0 = Debug|Any CPU
		{0A9B8521-9624-460B-813E-079056B24B65}.Release|Any CPU.ActiveCfg = Release|Any CPU
		{0A9B8521-9624-460B-813E-079056B24B65}.Release|Any CPU.Build.0 = Release|Any CPU
		{203B5F7F-1678-44CC-B291-37022751DBCF}.Debug|Any CPU.ActiveCfg = Debug|Any CPU
		{203B5F7F-1678-44CC-B291-37022751DBCF}.Debug|Any CPU.Build.0 = Debug|Any CPU
		{203B5F7F-1678-44CC-B291-37022751DBCF}.Release|Any CPU.ActiveCfg = Release|Any CPU
		{203B5F7F-1678-44CC-B291-37022751DBCF}.Release|Any CPU.Build.0 = Release|Any CPU
		{4D026F97-3726-4B98-BCF9-7A391A85F9C9}.Debug|Any CPU.ActiveCfg = Debug|Any CPU
		{4D026F97-3726-4B98-BCF9-7A391A85F9C9}.Debug|Any CPU.Build.0 = Debug|Any CPU
		{4D026F97-3726-4B98-BCF9-7A391A85F9C9}.Release|Any CPU.ActiveCfg = Release|Any CPU
		{4D026F97-3726-4B98-BCF9-7A391A85F9C9}.Release|Any CPU.Build.0 = Release|Any CPU
		{8D6C84A6-459F-42E0-8673-F8890B6A57DC}.Debug|Any CPU.ActiveCfg = Debug|Any CPU
		{8D6C84A6-459F-42E0-8673-F8890B6A57DC}.Debug|Any CPU.Build.0 = Debug|Any CPU
		{8D6C84A6-459F-42E0-8673-F8890B6A57DC}.Release|Any CPU.ActiveCfg = Release|Any CPU
		{8D6C84A6-459F-42E0-8673-F8890B6A57DC}.Release|Any CPU.Build.0 = Release|Any CPU
	EndGlobalSection
	GlobalSection(MonoDevelopProperties) = preSolution
		StartupItem = SDK.Examples.Tester\SDK.Examples.Tester.csproj
		Policies = $0
		$0.TextStylePolicy = $1
		$1.inheritsSet = VisualStudio
		$1.inheritsScope = text/plain
		$1.scope = text/x-csharp
		$0.CSharpFormattingPolicy = $2
		$2.IndentSwitchBody = True
		$2.AnonymousMethodBraceStyle = NextLine
		$2.PropertyBraceStyle = NextLine
		$2.PropertyGetBraceStyle = NextLine
		$2.PropertySetBraceStyle = NextLine
		$2.EventBraceStyle = NextLine
		$2.EventAddBraceStyle = NextLine
		$2.EventRemoveBraceStyle = NextLine
		$2.StatementBraceStyle = NextLine
		$2.ElseNewLinePlacement = NewLine
		$2.CatchNewLinePlacement = NewLine
		$2.FinallyNewLinePlacement = NewLine
		$2.WhileNewLinePlacement = DoNotCare
		$2.ArrayInitializerWrapping = DoNotChange
		$2.ArrayInitializerBraceStyle = NextLine
		$2.BeforeMethodDeclarationParentheses = False
		$2.BeforeMethodCallParentheses = False
		$2.BeforeConstructorDeclarationParentheses = False
		$2.BeforeDelegateDeclarationParentheses = False
		$2.NewParentheses = False
		$2.SpacesBeforeBrackets = False
		$2.AlignToFirstMethodCallArgument = False
		$2.AlignToFirstMethodDeclarationParameter = False
		$2.AlignToFirstIndexerDeclarationParameter = False
		$2.AlignToFirstIndexerArgument = False
		$2.inheritsSet = Mono
		$2.inheritsScope = text/x-csharp
		$2.scope = text/x-csharp
		$0.TextStylePolicy = $3
		$3.FileWidth = 120
		$3.TabsToSpaces = False
		$3.inheritsSet = VisualStudio
		$3.inheritsScope = text/plain
		$3.scope = text/plain
	EndGlobalSection
	GlobalSection(SolutionProperties) = preSolution
		HideSolutionNode = FALSE
	EndGlobalSection
EndGlobal
